
Microsoft Visual Studio Solution File, Format Version 12.00
# Visual Studio Version 17
VisualStudioVersion = 17.1.31911.260
MinimumVisualStudioVersion = 10.0.40219.1
Project("{9A19103F-16F7-4668-BE54-9A1E7A4F7556}") = "API", "API\API.csproj", "{979063E7-AA74-42E7-85CC-A8EC651CBADD}"
EndProject
Project("{9A19103F-16F7-4668-BE54-9A1E7A4F7556}") = "Application", "Application\Application.csproj", "{9569B116-6B91-4937-87D9-DC557C5812AA}"
EndProject
Project("{9A19103F-16F7-4668-BE54-9A1E7A4F7556}") = "Persistence", "Persistence\Persistence.csproj", "{BA4DD566-3FC7-4BC8-9B2F-F6E72131D100}"
EndProject
Project("{9A19103F-16F7-4668-BE54-9A1E7A4F7556}") = "Domain", "Domain\Domain.csproj", "{DA84A572-9542-4E23-AE55-3325BE6B738A}"
EndProject
Project("{2150E333-8FDC-42A3-9474-1A3956D46DE8}") = "Solution Items", "Solution Items", "{6416FA84-E06C-4C5C-8A3A-ADCCD079C4AF}"
	ProjectSection(SolutionItems) = preProject
		.editorconfig = .editorconfig
	EndProjectSection
EndProject
Project("{FAE04EC0-301F-11D3-BF4B-00C04F79EFBC}") = "Infrastructure", "Infrastructure\Infrastructure.csproj", "{A56D8192-B98F-4336-A20F-20BC0ACDBB4A}"
EndProject
Global
	GlobalSection(SolutionConfigurationPlatforms) = preSolution
		Debug|Any CPU = Debug|Any CPU
		Release|Any CPU = Release|Any CPU
	EndGlobalSection
	GlobalSection(ProjectConfigurationPlatforms) = postSolution
		{979063E7-AA74-42E7-85CC-A8EC651CBADD}.Debug|Any CPU.ActiveCfg = Debug|Any CPU
		{979063E7-AA74-42E7-85CC-A8EC651CBADD}.Debug|Any CPU.Build.0 = Debug|Any CPU
		{979063E7-AA74-42E7-85CC-A8EC651CBADD}.Release|Any CPU.ActiveCfg = Release|Any CPU
		{979063E7-AA74-42E7-85CC-A8EC651CBADD}.Release|Any CPU.Build.0 = Release|Any CPU
		{9569B116-6B91-4937-87D9-DC557C5812AA}.Debug|Any CPU.ActiveCfg = Debug|Any CPU
		{9569B116-6B91-4937-87D9-DC557C5812AA}.Debug|Any CPU.Build.0 = Debug|Any CPU
		{9569B116-6B91-4937-87D9-DC557C5812AA}.Release|Any CPU.ActiveCfg = Release|Any CPU
		{9569B116-6B91-4937-87D9-DC557C5812AA}.Release|Any CPU.Build.0 = Release|Any CPU
		{BA4DD566-3FC7-4BC8-9B2F-F6E72131D100}.Debug|Any CPU.ActiveCfg = Debug|Any CPU
		{BA4DD566-3FC7-4BC8-9B2F-F6E72131D100}.Debug|Any CPU.Build.0 = Debug|Any CPU
		{BA4DD566-3FC7-4BC8-9B2F-F6E72131D100}.Release|Any CPU.ActiveCfg = Release|Any CPU
		{BA4DD566-3FC7-4BC8-9B2F-F6E72131D100}.Release|Any CPU.Build.0 = Release|Any CPU
		{DA84A572-9542-4E23-AE55-3325BE6B738A}.Debug|Any CPU.ActiveCfg = Debug|Any CPU
		{DA84A572-9542-4E23-AE55-3325BE6B738A}.Debug|Any CPU.Build.0 = Debug|Any CPU
		{DA84A572-9542-4E23-AE55-3325BE6B738A}.Release|Any CPU.ActiveCfg = Release|Any CPU
		{DA84A572-9542-4E23-AE55-3325BE6B738A}.Release|Any CPU.Build.0 = Release|Any CPU
		{A56D8192-B98F-4336-A20F-20BC0ACDBB4A}.Debug|Any CPU.ActiveCfg = Debug|Any CPU
		{A56D8192-B98F-4336-A20F-20BC0ACDBB4A}.Debug|Any CPU.Build.0 = Debug|Any CPU
		{A56D8192-B98F-4336-A20F-20BC0ACDBB4A}.Release|Any CPU.ActiveCfg = Release|Any CPU
		{A56D8192-B98F-4336-A20F-20BC0ACDBB4A}.Release|Any CPU.Build.0 = Release|Any CPU
	EndGlobalSection
	GlobalSection(SolutionProperties) = preSolution
		HideSolutionNode = FALSE
	EndGlobalSection
	GlobalSection(ExtensibilityGlobals) = postSolution
		SolutionGuid = {630FCB1E-475A-4059-95ED-E8CB2259C7C6}
	EndGlobalSection
EndGlobal
